
Microsoft Visual Studio Solution File, Format Version 12.00
# Visual Studio Version 16
VisualStudioVersion = 16.0.30907.101
MinimumVisualStudioVersion = 10.0.40219.1
Project("{FAE04EC0-301F-11D3-BF4B-00C04F79EFBC}") = "REST_API", "DPugach_PDP_2021\REST_API.csproj", "{B513E04A-E949-49F3-AD76-8975779F13F7}"
EndProject
Global
	GlobalSection(SolutionConfigurationPlatforms) = preSolution
		Debug|Any CPU = Debug|Any CPU
		Release|Any CPU = Release|Any CPU
	EndGlobalSection
	GlobalSection(ProjectConfigurationPlatforms) = postSolution
		{B513E04A-E949-49F3-AD76-8975779F13F7}.Debug|Any CPU.ActiveCfg = Debug|Any CPU
		{B513E04A-E949-49F3-AD76-8975779F13F7}.Debug|Any CPU.Build.0 = Debug|Any CPU
		{B513E04A-E949-49F3-AD76-8975779F13F7}.Release|Any CPU.ActiveCfg = Release|Any CPU
		{B513E04A-E949-49F3-AD76-8975779F13F7}.Release|Any CPU.Build.0 = Release|Any CPU
	EndGlobalSection
	GlobalSection(SolutionProperties) = preSolution
		HideSolutionNode = FALSE
	EndGlobalSection
	GlobalSection(ExtensibilityGlobals) = postSolution
		SolutionGuid = {3B9AEC85-D246-428C-8FB5-352F2D9EEDE1}
	EndGlobalSection
EndGlobal
